github.com/bradp/hugo-jam-icons v0.0.0-20201217230343-e2a779b304e2 h1:2uyhhQyelbRrYMFTCVInO/jtpStkVzSmlFMil7vUblQ=
github.com/bradp/hugo-jam-icons v0.0.0-20201217230343-e2a779b304e2/go.mod h1:k31/pEwcnf8mmsNyLWDnUQCfchczfd3QFtkF+VbMOwI=
github.com/michaelampr/jam v0.0.0-20201121225627-868c55a612c1/go.mod h1:vuGFz6SUFg6TWv2OabCfHOwgDp0GUy8Fi1O3R4qVcbI=
